Microsoft Visual Studio Solution File, Format Version 12.00
# Visual Studio Version 17
VisualStudioVersion = 17.5.2.0
MinimumVisualStudioVersion = 10.0.40219.1
Project("{FAE04EC0-301F-11D3-BF4B-00C04F79EFBC}") = "HackerNewsAPI", "src\HackerNewsAPI\HackerNewsAPI.csproj", "{8F475BA0-5E99-D5F5-E348-A42518D1E793}"
EndProject
Project("{2150E333-8FDC-42A3-9474-1A3956D46DE8}") = "tests", "tests", "{1700CE99-2CCC-4A87-BD1A-C332FCE1AF47}"
EndProject
Project("{FAE04EC0-301F-11D3-BF4B-00C04F79EFBC}") = "HackerNewsAPI.Tests", "tests\HackerNewsAPI.Tests\HackerNewsAPI.Tests.csproj", "{CA6F9443-DE24-4169-862D-74A9624DD456}"
EndProject
Global
	GlobalSection(SolutionConfigurationPlatforms) = preSolution
		Debug|Any CPU = Debug|Any CPU
		Release|Any CPU = Release|Any CPU
	EndGlobalSection
	GlobalSection(ProjectConfigurationPlatforms) = postSolution
		{8F475BA0-5E99-D5F5-E348-A42518D1E793}.Debug|Any CPU.ActiveCfg = Debug|Any CPU
		{8F475BA0-5E99-D5F5-E348-A42518D1E793}.Debug|Any CPU.Build.0 = Debug|Any CPU
		{8F475BA0-5E99-D5F5-E348-A42518D1E793}.Release|Any CPU.ActiveCfg = Release|Any CPU
		{8F475BA0-5E99-D5F5-E348-A42518D1E793}.Release|Any CPU.Build.0 = Release|Any CPU
		{CA6F9443-DE24-4169-862D-74A9624DD456}.Debug|Any CPU.ActiveCfg = Debug|Any CPU
		{CA6F9443-DE24-4169-862D-74A9624DD456}.Debug|Any CPU.Build.0 = Debug|Any CPU
		{CA6F9443-DE24-4169-862D-74A9624DD456}.Release|Any CPU.ActiveCfg = Release|Any CPU
		{CA6F9443-DE24-4169-862D-74A9624DD456}.Release|Any CPU.Build.0 = Release|Any CPU
	EndGlobalSection
	GlobalSection(SolutionProperties) = preSolution
		HideSolutionNode = FALSE
	EndGlobalSection
	GlobalSection(ExtensibilityGlobals) = postSolution
		SolutionGuid = {5ED231BB-E01A-40F6-8B66-AB8E98F25F83}
	EndGlobalSection
	GlobalSection(NestedProjects) = preSolution
		{CA6F9443-DE24-4169-862D-74A9624DD456} = {1700CE99-2CCC-4A87-BD1A-C332FCE1AF47}
	EndGlobalSection
EndGlobal
